// !$*UTF8*$!
{
	archiveVersion = 1;
	classes = {
	};
	objectVersion = 77;
	objects = {

/* Begin PBXBuildFile section */
		A1ABEBC52F79E16C009B0AFC /* KeepurApp.swift in Sources */ = {isa = PBXBuildFile; fileRef = A1ABEBC42F79E16C009B0AFC /* KeepurApp.swift */; };
		A1ABEBC92F79E16D009B0AFC /* Assets.xcassets in Resources */ = {isa = PBXBuildFile; fileRef = A1ABEBC82F79E16D009B0AFC /* Assets.xcassets */; };
		A3B4C5D6E7F809A1B2C3D401 /* SessionReplacedTests.swift in Sources */ = {isa = PBXBuildFile; fileRef = A3B4C5D6E7F809A1B2C3D402 /* SessionReplacedTests.swift */; };
		BC4F12A3D9E847C60002 /* BeekeeperConfigTests.swift in Sources */ = {isa = PBXBuildFile; fileRef = BC4F12A3D9E847C60001 /* BeekeeperConfigTests.swift */; };
		CE9D0085AE1C4725914A0857 /* WorkspaceBrowsingTests.swift in Sources */ = {isa = PBXBuildFile; fileRef = CB2BCCE6B8DE4CCF84DB3E65 /* WorkspaceBrowsingTests.swift */; };
		D1A2B3C4E5F647890AB1CD23 /* ChatResilienceTests.swift in Sources */ = {isa = PBXBuildFile; fileRef = D1A2B3C4E5F647890AB1CD24 /* ChatResilienceTests.swift */; };
		DD3B48812F866DF4002EA052 /* MarkdownUI in Frameworks */ = {isa = PBXBuildFile; productRef = D2E3F4A5B6C7D8E9F0A1B2C3 /* MarkdownUI */; };
		E1B4C5D6F7A8490B2CD3EF01 /* BusyStateRecoveryTests.swift in Sources */ = {isa = PBXBuildFile; fileRef = E1B4C5D6F7A8490B2CD3EF02 /* BusyStateRecoveryTests.swift */; };
		F2A3B4C5D6E7F8091A2B3C41 /* ContextClearedTests.swift in Sources */ = {isa = PBXBuildFile; fileRef = F2A3B4C5D6E7F8091A2B3C42 /* ContextClearedTests.swift */; };
/* End PBXBuildFile section */

/* Begin PBXContainerItemProxy section */
		B23E89F17DFC4710A2B88174 /* PBXContainerItemProxy */ = {
			isa = PBXContainerItemProxy;
			containerPortal = A1ABEBB92F79E16C009B0AFC /* Project object */;
			proxyType = 1;
			remoteGlobalIDString = A1ABEBC02F79E16C009B0AFC;
			remoteInfo = Keepur;
		};
/* End PBXContainerItemProxy section */

/* Begin PBXFileReference section */
		A1ABEBC12F79E16C009B0AFC /* Keepur.app */ = {isa = PBXFileReference; explicitFileType = wrapper.application; includeInIndex = 0; path = Keepur.app; sourceTree = BUILT_PRODUCTS_DIR; };
		A1ABEBC42F79E16C009B0AFC /* KeepurApp.swift */ = {isa = PBXFileReference; lastKnownFileType = sourcecode.swift; path = KeepurApp.swift; sourceTree = "<group>"; };
		A1ABEBC82F79E16D009B0AFC /* Assets.xcassets */ = {isa = PBXFileReference; lastKnownFileType = folder.assetcatalog; path = Assets.xcassets; sourceTree = "<group>"; };
		A3B4C5D6E7F809A1B2C3D402 /* SessionReplacedTests.swift */ = {isa = PBXFileReference; lastKnownFileType = sourcecode.swift; path = SessionReplacedTests.swift; sourceTree = "<group>"; };
		BC4F12A3D9E847C60001 /* BeekeeperConfigTests.swift */ = {isa = PBXFileReference; lastKnownFileType = sourcecode.swift; path = BeekeeperConfigTests.swift; sourceTree = "<group>"; };
		CB2BCCE6B8DE4CCF84DB3E65 /* WorkspaceBrowsingTests.swift */ = {isa = PBXFileReference; lastKnownFileType = sourcecode.swift; path = WorkspaceBrowsingTests.swift; sourceTree = "<group>"; };
		D1A2B3C4E5F647890AB1CD24 /* ChatResilienceTests.swift */ = {isa = PBXFileReference; lastKnownFileType = sourcecode.swift; path = ChatResilienceTests.swift; sourceTree = "<group>"; };
		E1B4C5D6F7A8490B2CD3EF02 /* BusyStateRecoveryTests.swift */ = {isa = PBXFileReference; lastKnownFileType = sourcecode.swift; path = BusyStateRecoveryTests.swift; sourceTree = "<group>"; };
		F14E65891B51453D96E01CF1 /* KeeperTests.xctest */ = {isa = PBXFileReference; explicitFileType = wrapper.cfbundle; includeInIndex = 0; path = KeeperTests.xctest; sourceTree = BUILT_PRODUCTS_DIR; };
		F2A3B4C5D6E7F8091A2B3C42 /* ContextClearedTests.swift */ = {isa = PBXFileReference; lastKnownFileType = sourcecode.swift; path = ContextClearedTests.swift; sourceTree = "<group>"; };
/* End PBXFileReference section */

/* Begin PBXFileSystemSynchronizedRootGroup section */
		A1ABEBED2F79E24E009B0AFC /* Managers */ = {
			isa = PBXFileSystemSynchronizedRootGroup;
			path = Managers;
			sourceTree = "<group>";
		};
		A1ABEBF12F79E24E009B0AFC /* Models */ = {
			isa = PBXFileSystemSynchronizedRootGroup;
			path = Models;
			sourceTree = "<group>";
		};
		A1ABEBF32F79E24E009B0AFC /* ViewModels */ = {
			isa = PBXFileSystemSynchronizedRootGroup;
			path = ViewModels;
			sourceTree = "<group>";
		};
		A1ABEBFA2F79E24E009B0AFC /* Views */ = {
			isa = PBXFileSystemSynchronizedRootGroup;
			path = Views;
			sourceTree = "<group>";
		};
		A2BCDEF0A1B2C3D4E5F60001 /* Extensions */ = {
			isa = PBXFileSystemSynchronizedRootGroup;
			path = Extensions;
			sourceTree = "<group>";
		};
/* End PBXFileSystemSynchronizedRootGroup section */

/* Begin PBXFrameworksBuildPhase section */
		A1ABEBBE2F79E16C009B0AFC /* Frameworks */ = {
			isa = PBXFrameworksBuildPhase;
			buildActionMask = 2147483647;
			files = (
				DD3B48812F866DF4002EA052 /* MarkdownUI in Frameworks */,
							);
			runOnlyForDeploymentPostprocessing = 0;
		};
		FEF1D9C33E6946E9A1F7E1B9 /* Frameworks */ = {
			isa = PBXFrameworksBuildPhase;
			buildActionMask = 2147483647;
			files = (
			);
			runOnlyForDeploymentPostprocessing = 0;
		};
/* End PBXFrameworksBuildPhase section */

/* Begin PBXGroup section */
		A1ABEBB82F79E16C009B0AFC = {
			isa = PBXGroup;
			children = (
				A1ABEBC22F79E16C009B0AFC /* Products */,
				A2BCDEF0A1B2C3D4E5F60001 /* Extensions */,
				A1ABEBED2F79E24E009B0AFC /* Managers */,
				A1ABEBF12F79E24E009B0AFC /* Models */,
				A1ABEBF32F79E24E009B0AFC /* ViewModels */,
				A1ABEBFA2F79E24E009B0AFC /* Views */,
				A1ABEBC82F79E16D009B0AFC /* Assets.xcassets */,
				A1ABEBC42F79E16C009B0AFC /* KeepurApp.swift */,
				B293D6AC70744BEAB61BD645 /* KeeperTests */,
			);
			sourceTree = "<group>";
		};
		A1ABEBC22F79E16C009B0AFC /* Products */ = {
			isa = PBXGroup;
			children = (
				A1ABEBC12F79E16C009B0AFC /* Keepur.app */,
				F14E65891B51453D96E01CF1 /* KeeperTests.xctest */,
			);
			name = Products;
			sourceTree = "<group>";
		};
		B293D6AC70744BEAB61BD645 /* KeeperTests */ = {
			isa = PBXGroup;
			children = (
				BC4F12A3D9E847C60001 /* BeekeeperConfigTests.swift */,
				E1B4C5D6F7A8490B2CD3EF02 /* BusyStateRecoveryTests.swift */,
				D1A2B3C4E5F647890AB1CD24 /* ChatResilienceTests.swift */,
				F2A3B4C5D6E7F8091A2B3C42 /* ContextClearedTests.swift */,
				A3B4C5D6E7F809A1B2C3D402 /* SessionReplacedTests.swift */,
				CB2BCCE6B8DE4CCF84DB3E65 /* WorkspaceBrowsingTests.swift */,
			);
			path = KeeperTests;
			sourceTree = "<group>";
		};
/* End PBXGroup section */

/* Begin PBXNativeTarget section */
		A1ABEBC02F79E16C009B0AFC /* Keepur */ = {
			isa = PBXNativeTarget;
			buildConfigurationList = A1ABEBCC2F79E16D009B0AFC /* Build configuration list for PBXNativeTarget "Keepur" */;
			buildPhases = (
				A1ABEBBD2F79E16C009B0AFC /* Sources */,
				A1ABEBBE2F79E16C009B0AFC /* Frameworks */,
				A1ABEBBF2F79E16C009B0AFC /* Resources */,
			);
			buildRules = (
			);
			dependencies = (
			);
			fileSystemSynchronizedGroups = (
				A1ABEBED2F79E24E009B0AFC /* Managers */,
				A1ABEBF12F79E24E009B0AFC /* Models */,
				A1ABEBF32F79E24E009B0AFC /* ViewModels */,
				A1ABEBFA2F79E24E009B0AFC /* Views */,
				A2BCDEF0A1B2C3D4E5F60001 /* Extensions */,
			);
			name = Keepur;
			packageProductDependencies = (
				D2E3F4A5B6C7D8E9F0A1B2C3 /* MarkdownUI */,
			);
			productName = Keepur;
			productReference = A1ABEBC12F79E16C009B0AFC /* Keepur.app */;
			productType = "com.apple.product-type.application";
		};
		F3927C9EB6BA4611BA776573 /* KeeperTests */ = {
			isa = PBXNativeTarget;
			buildConfigurationList = 1479D63C06B4466FAD737E1E /* Build configuration list for PBXNativeTarget "KeeperTests" */;
			buildPhases = (
				FA3F17F88ADF48199EFCC81D /* Sources */,
				FEF1D9C33E6946E9A1F7E1B9 /* Frameworks */,
				68A30D46C2284755B287ACEC /* Resources */,
			);
			buildRules = (
			);
			dependencies = (
				536B3D3764094448ABD35BD0 /* PBXTargetDependency */,
			);
			name = KeeperTests;
			productName = KeeperTests;
			productReference = F14E65891B51453D96E01CF1 /* KeeperTests.xctest */;
			productType = "com.apple.product-type.bundle.unit-test";
		};
/* End PBXNativeTarget section */

/* Begin PBXProject section */
		A1ABEBB92F79E16C009B0AFC /* Project object */ = {
			isa = PBXProject;
			attributes = {
				BuildIndependentTargetsInParallel = 1;
				LastSwiftUpdateCheck = 2630;
				LastUpgradeCheck = 2630;
				TargetAttributes = {
					A1ABEBC02F79E16C009B0AFC = {
						CreatedOnToolsVersion = 26.3;
					};
					F3927C9EB6BA4611BA776573 = {
						CreatedOnToolsVersion = 26.3;
						TestTargetID = A1ABEBC02F79E16C009B0AFC;
					};
				};
			};
			buildConfigurationList = A1ABEBBC2F79E16C009B0AFC /* Build configuration list for PBXProject "Keepur" */;
			developmentRegion = en;
			hasScannedForEncodings = 0;
			knownRegions = (
				en,
				Base,
			);
			mainGroup = A1ABEBB82F79E16C009B0AFC;
			minimizedProjectReferenceProxies = 1;
			packageReferences = (
				C1D2E3F4A5B6C7D8E9F0A1B2 /* XCRemoteSwiftPackageReference "swift-markdown-ui" */,
			);
			preferredProjectObjectVersion = 77;
			productRefGroup = A1ABEBC22F79E16C009B0AFC /* Products */;
			projectDirPath = "";
			projectRoot = "";
			targets = (
				A1ABEBC02F79E16C009B0AFC /* Keepur */,
				F3927C9EB6BA4611BA776573 /* KeeperTests */,
			);
		};
/* End PBXProject section */

/* Begin PBXResourcesBuildPhase section */
		68A30D46C2284755B287ACEC /* Resources */ = {
			isa = PBXResourcesBuildPhase;
			buildActionMask = 2147483647;
			files = (
			);
			runOnlyForDeploymentPostprocessing = 0;
		};
		A1ABEBBF2F79E16C009B0AFC /* Resources */ = {
			isa = PBXResourcesBuildPhase;
			buildActionMask = 2147483647;
			files = (
				A1ABEBC92F79E16D009B0AFC /* Assets.xcassets in Resources */,
			);
			runOnlyForDeploymentPostprocessing = 0;
		};
/* End PBXResourcesBuildPhase section */

/* Begin PBXSourcesBuildPhase section */
		A1ABEBBD2F79E16C009B0AFC /* Sources */ = {
			isa = PBXSourcesBuildPhase;
			buildActionMask = 2147483647;
			files = (
				A1ABEBC52F79E16C009B0AFC /* KeepurApp.swift in Sources */,
			);
			runOnlyForDeploymentPostprocessing = 0;
		};
		FA3F17F88ADF48199EFCC81D /* Sources */ = {
			isa = PBXSourcesBuildPhase;
			buildActionMask = 2147483647;
			files = (
				BC4F12A3D9E847C60002 /* BeekeeperConfigTests.swift in Sources */,
				E1B4C5D6F7A8490B2CD3EF01 /* BusyStateRecoveryTests.swift in Sources */,
				D1A2B3C4E5F647890AB1CD23 /* ChatResilienceTests.swift in Sources */,
				F2A3B4C5D6E7F8091A2B3C41 /* ContextClearedTests.swift in Sources */,
				A3B4C5D6E7F809A1B2C3D401 /* SessionReplacedTests.swift in Sources */,
				CE9D0085AE1C4725914A0857 /* WorkspaceBrowsingTests.swift in Sources */,
			);
			runOnlyForDeploymentPostprocessing = 0;
		};
/* End PBXSourcesBuildPhase section */

/* Begin PBXTargetDependency section */
		536B3D3764094448ABD35BD0 /* PBXTargetDependency */ = {
			isa = PBXTargetDependency;
			target = A1ABEBC02F79E16C009B0AFC /* Keepur */;
			targetProxy = B23E89F17DFC4710A2B88174 /* PBXContainerItemProxy */;
		};
/* End PBXTargetDependency section */

/* Begin XCBuildConfiguration section */
		2C9F49E0BD4A4B7CB1884D6A /* Debug */ = {
			isa = XCBuildConfiguration;
			buildSettings = {
				BUNDLE_LOADER = "$(TEST_HOST)";
				CODE_SIGN_STYLE = Automatic;
				CURRENT_PROJECT_VERSION = 1;
				DEVELOPMENT_TEAM = N3L37G6KTL;
				GENERATE_INFOPLIST_FILE = YES;
				IPHONEOS_DEPLOYMENT_TARGET = 26.2;
				MACOSX_DEPLOYMENT_TARGET = 15.0;
				MARKETING_VERSION = 1.0;
				PRODUCT_BUNDLE_IDENTIFIER = io.keepur.KeeperTests;
				PRODUCT_NAME = "$(TARGET_NAME)";
				SDKROOT = auto;
				SUPPORTED_PLATFORMS = "iphoneos iphonesimulator macosx";
				SWIFT_VERSION = 5.0;
				TARGETED_DEVICE_FAMILY = "1,2";
				TEST_HOST = "$(BUILT_PRODUCTS_DIR)/Keepur.app/$(BUNDLE_EXECUTABLE_FOLDER_PATH)/Keepur";
			};
			name = Debug;
		};
		4D9707E67F5B4351A927A318 /* Release */ = {
			isa = XCBuildConfiguration;
			buildSettings = {
				BUNDLE_LOADER = "$(TEST_HOST)";
				CODE_SIGN_STYLE = Automatic;
				CURRENT_PROJECT_VERSION = 1;
				DEVELOPMENT_TEAM = N3L37G6KTL;
				GENERATE_INFOPLIST_FILE = YES;
				IPHONEOS_DEPLOYMENT_TARGET = 26.2;
				MACOSX_DEPLOYMENT_TARGET = 15.0;
				MARKETING_VERSION = 1.0;
				PRODUCT_BUNDLE_IDENTIFIER = io.keepur.KeeperTests;
				PRODUCT_NAME = "$(TARGET_NAME)";
				SDKROOT = auto;
				SUPPORTED_PLATFORMS = "iphoneos iphonesimulator macosx";
				SWIFT_VERSION = 5.0;
				TARGETED_DEVICE_FAMILY = "1,2";
				TEST_HOST = "$(BUILT_PRODUCTS_DIR)/Keepur.app/$(BUNDLE_EXECUTABLE_FOLDER_PATH)/Keepur";
			};
			name = Release;
		};
		A1ABEBCA2F79E16D009B0AFC /* Debug */ = {
			isa = XCBuildConfiguration;
			buildSettings = {
				ALWAYS_SEARCH_USER_PATHS = NO;
				ASSETCATALOG_COMPILER_GENERATE_SWIFT_ASSET_SYMBOL_EXTENSIONS = YES;
				CLANG_ANALYZER_NONNULL = YES;
				CLANG_ANALYZER_NUMBER_OBJECT_CONVERSION = YES_AGGRESSIVE;
				CLANG_CXX_LANGUAGE_STANDARD = "gnu++20";
				CLANG_ENABLE_MODULES = YES;
				CLANG_ENABLE_OBJC_ARC = YES;
				CLANG_ENABLE_OBJC_WEAK = YES;
				CLANG_WARN_BLOCK_CAPTURE_AUTORELEASING = YES;
				CLANG_WARN_BOOL_CONVERSION = YES;
				CLANG_WARN_COMMA = YES;
				CLANG_WARN_CONSTANT_CONVERSION = YES;
				CLANG_WARN_DEPRECATED_OBJC_IMPLEMENTATIONS = YES;
				CLANG_WARN_DIRECT_OBJC_ISA_USAGE = YES_ERROR;
				CLANG_WARN_DOCUMENTATION_COMMENTS = YES;
				CLANG_WARN_EMPTY_BODY = YES;
				CLANG_WARN_ENUM_CONVERSION = YES;
				CLANG_WARN_INFINITE_RECURSION = YES;
				CLANG_WARN_INT_CONVERSION = YES;
				CLANG_WARN_NON_LITERAL_NULL_CONVERSION = YES;
				CLANG_WARN_OBJC_IMPLICIT_RETAIN_SELF = YES;
				CLANG_WARN_OBJC_LITERAL_CONVERSION = YES;
				CLANG_WARN_OBJC_ROOT_CLASS = YES_ERROR;
				CLANG_WARN_QUOTED_INCLUDE_IN_FRAMEWORK_HEADER = YES;
				CLANG_WARN_RANGE_LOOP_ANALYSIS = YES;
				CLANG_WARN_STRICT_PROTOTYPES = YES;
				CLANG_WARN_SUSPICIOUS_MOVE = YES;
				CLANG_WARN_UNGUARDED_AVAILABILITY = YES_AGGRESSIVE;
				CLANG_WARN_UNREACHABLE_CODE = YES;
				CLANG_WARN__DUPLICATE_METHOD_MATCH = YES;
				COPY_PHASE_STRIP = NO;
				DEBUG_INFORMATION_FORMAT = dwarf;
				DEVELOPMENT_TEAM = N3L37G6KTL;
				ENABLE_STRICT_OBJC_MSGSEND = YES;
				ENABLE_TESTABILITY = YES;
				ENABLE_USER_SCRIPT_SANDBOXING = YES;
				GCC_C_LANGUAGE_STANDARD = gnu17;
				GCC_DYNAMIC_NO_PIC = NO;
				GCC_NO_COMMON_BLOCKS = YES;
				GCC_OPTIMIZATION_LEVEL = 0;
				GCC_PREPROCESSOR_DEFINITIONS = (
					"DEBUG=1",
					"$(inherited)",
				);
				GCC_WARN_64_TO_32_BIT_CONVERSION = YES;
				GCC_WARN_ABOUT_RETURN_TYPE = YES_ERROR;
				GCC_WARN_UNDECLARED_SELECTOR = YES;
				GCC_WARN_UNINITIALIZED_AUTOS = YES_AGGRESSIVE;
				GCC_WARN_UNUSED_FUNCTION = YES;
				GCC_WARN_UNUSED_VARIABLE = YES;
				LOCALIZATION_PREFERS_STRING_CATALOGS = YES;
				MTL_ENABLE_DEBUG_INFO = INCLUDE_SOURCE;
				MTL_FAST_MATH = YES;
				ONLY_ACTIVE_ARCH = YES;
				SWIFT_ACTIVE_COMPILATION_CONDITIONS = "DEBUG $(inherited)";
				SWIFT_OPTIMIZATION_LEVEL = "-Onone";
			};
			name = Debug;
		};
		A1ABEBCB2F79E16D009B0AFC /* Release */ = {
			isa = XCBuildConfiguration;
			buildSettings = {
				ALWAYS_SEARCH_USER_PATHS = NO;
				ASSETCATALOG_COMPILER_GENERATE_SWIFT_ASSET_SYMBOL_EXTENSIONS = YES;
				CLANG_ANALYZER_NONNULL = YES;
				CLANG_ANALYZER_NUMBER_OBJECT_CONVERSION = YES_AGGRESSIVE;
				CLANG_CXX_LANGUAGE_STANDARD = "gnu++20";
				CLANG_ENABLE_MODULES = YES;
				CLANG_ENABLE_OBJC_ARC = YES;
				CLANG_ENABLE_OBJC_WEAK = YES;
				CLANG_WARN_BLOCK_CAPTURE_AUTORELEASING = YES;
				CLANG_WARN_BOOL_CONVERSION = YES;
				CLANG_WARN_COMMA = YES;
				CLANG_WARN_CONSTANT_CONVERSION = YES;
				CLANG_WARN_DEPRECATED_OBJC_IMPLEMENTATIONS = YES;
				CLANG_WARN_DIRECT_OBJC_ISA_USAGE = YES_ERROR;
				CLANG_WARN_DOCUMENTATION_COMMENTS = YES;
				CLANG_WARN_EMPTY_BODY = YES;
				CLANG_WARN_ENUM_CONVERSION = YES;
				CLANG_WARN_INFINITE_RECURSION = YES;
				CLANG_WARN_INT_CONVERSION = YES;
				CLANG_WARN_NON_LITERAL_NULL_CONVERSION = YES;
				CLANG_WARN_OBJC_IMPLICIT_RETAIN_SELF = YES;
				CLANG_WARN_OBJC_LITERAL_CONVERSION = YES;
				CLANG_WARN_OBJC_ROOT_CLASS = YES_ERROR;
				CLANG_WARN_QUOTED_INCLUDE_IN_FRAMEWORK_HEADER = YES;
				CLANG_WARN_RANGE_LOOP_ANALYSIS = YES;
				CLANG_WARN_STRICT_PROTOTYPES = YES;
				CLANG_WARN_SUSPICIOUS_MOVE = YES;
				CLANG_WARN_UNGUARDED_AVAILABILITY = YES_AGGRESSIVE;
				CLANG_WARN_UNREACHABLE_CODE = YES;
				CLANG_WARN__DUPLICATE_METHOD_MATCH = YES;
				COPY_PHASE_STRIP = NO;
				DEBUG_INFORMATION_FORMAT = "dwarf-with-dsym";
				DEVELOPMENT_TEAM = N3L37G6KTL;
				ENABLE_NS_ASSERTIONS = NO;
				ENABLE_STRICT_OBJC_MSGSEND = YES;
				ENABLE_USER_SCRIPT_SANDBOXING = YES;
				GCC_C_LANGUAGE_STANDARD = gnu17;
				GCC_NO_COMMON_BLOCKS = YES;
				GCC_WARN_64_TO_32_BIT_CONVERSION = YES;
				GCC_WARN_ABOUT_RETURN_TYPE = YES_ERROR;
				GCC_WARN_UNDECLARED_SELECTOR = YES;
				GCC_WARN_UNINITIALIZED_AUTOS = YES_AGGRESSIVE;
				GCC_WARN_UNUSED_FUNCTION = YES;
				GCC_WARN_UNUSED_VARIABLE = YES;
				LOCALIZATION_PREFERS_STRING_CATALOGS = YES;
				MTL_ENABLE_DEBUG_INFO = NO;
				MTL_FAST_MATH = YES;
				SWIFT_COMPILATION_MODE = wholemodule;
			};
			name = Release;
		};
		A1ABEBCD2F79E16D009B0AFC /* Debug */ = {
			isa = XCBuildConfiguration;
			buildSettings = {
				ASSETCATALOG_COMPILER_APPICON_NAME = AppIcon;
				ASSETCATALOG_COMPILER_GLOBAL_ACCENT_COLOR_NAME = AccentColor;
				CODE_SIGN_ENTITLEMENTS = Keepur.entitlements;
				CODE_SIGN_STYLE = Automatic;
				CURRENT_PROJECT_VERSION = 1;
				DEVELOPMENT_TEAM = KVRD82B775;
				ENABLE_APP_SANDBOX = YES;
				ENABLE_HARDENED_RUNTIME = YES;
				ENABLE_PREVIEWS = YES;
				ENABLE_USER_SELECTED_FILES = readonly;
				GENERATE_INFOPLIST_FILE = YES;
				INFOPLIST_FILE = Info.plist;
				INFOPLIST_KEY_NSMicrophoneUsageDescription = "Keepur needs microphone access for voice input";
				"INFOPLIST_KEY_UIApplicationSceneManifest_Generation[sdk=iphoneos*]" = YES;
				"INFOPLIST_KEY_UIApplicationSceneManifest_Generation[sdk=iphonesimulator*]" = YES;
				"INFOPLIST_KEY_UIApplicationSupportsIndirectInputEvents[sdk=iphoneos*]" = YES;
				"INFOPLIST_KEY_UIApplicationSupportsIndirectInputEvents[sdk=iphonesimulator*]" = YES;
				"INFOPLIST_KEY_UILaunchScreen_Generation[sdk=iphoneos*]" = YES;
				"INFOPLIST_KEY_UILaunchScreen_Generation[sdk=iphonesimulator*]" = YES;
				"INFOPLIST_KEY_UIStatusBarStyle[sdk=iphoneos*]" = UIStatusBarStyleDefault;
				"INFOPLIST_KEY_UIStatusBarStyle[sdk=iphonesimulator*]" = UIStatusBarStyleDefault;
				INFOPLIST_KEY_UISupportedInterfaceOrientations_iPad = "UIInterfaceOrientationPortrait UIInterfaceOrientationPortraitUpsideDown UIInterfaceOrientationLandscapeLeft UIInterfaceOrientationLandscapeRight";
				INFOPLIST_KEY_UISupportedInterfaceOrientations_iPhone = "UIInterfaceOrientationPortrait UIInterfaceOrientationLandscapeLeft UIInterfaceOrientationLandscapeRight";
				IPHONEOS_DEPLOYMENT_TARGET = 26.2;
				LD_RUNPATH_SEARCH_PATHS = "@executable_path/Frameworks";
				"LD_RUNPATH_SEARCH_PATHS[sdk=macosx*]" = "@executable_path/../Frameworks";
				MACOSX_DEPLOYMENT_TARGET = 15.0;
				MARKETING_VERSION = 1.0;
				PRODUCT_BUNDLE_IDENTIFIER = io.keepur.Keepur;
				PRODUCT_NAME = "$(TARGET_NAME)";
				SDKROOT = auto;
				STRING_CATALOG_GENERATE_SYMBOLS = YES;
				SUPPORTED_PLATFORMS = "iphoneos iphonesimulator macosx";
				SWIFT_APPROACHABLE_CONCURRENCY = YES;
				SWIFT_DEFAULT_ACTOR_ISOLATION = MainActor;
				SWIFT_EMIT_LOC_STRINGS = YES;
				SWIFT_UPCOMING_FEATURE_MEMBER_IMPORT_VISIBILITY = YES;
				SWIFT_VERSION = 5.0;
				TARGETED_DEVICE_FAMILY = "1,2";
				XROS_DEPLOYMENT_TARGET = 26.2;
			};
			name = Debug;
		};
		A1ABEBCE2F79E16D009B0AFC /* Release */ = {
			isa = XCBuildConfiguration;
			buildSettings = {
				ASSETCATALOG_COMPILER_APPICON_NAME = AppIcon;
				ASSETCATALOG_COMPILER_GLOBAL_ACCENT_COLOR_NAME = AccentColor;
				CODE_SIGN_ENTITLEMENTS = Keepur.entitlements;
				CODE_SIGN_STYLE = Automatic;
				CURRENT_PROJECT_VERSION = 1;
				DEVELOPMENT_TEAM = KVRD82B775;
				ENABLE_APP_SANDBOX = YES;
				ENABLE_HARDENED_RUNTIME = YES;
				ENABLE_PREVIEWS = YES;
				ENABLE_USER_SELECTED_FILES = readonly;
				GENERATE_INFOPLIST_FILE = YES;
				INFOPLIST_FILE = Info.plist;
				INFOPLIST_KEY_NSMicrophoneUsageDescription = "Keepur needs microphone access for voice input";
				"INFOPLIST_KEY_UIApplicationSceneManifest_Generation[sdk=iphoneos*]" = YES;
				"INFOPLIST_KEY_UIApplicationSceneManifest_Generation[sdk=iphonesimulator*]" = YES;
				"INFOPLIST_KEY_UIApplicationSupportsIndirectInputEvents[sdk=iphoneos*]" = YES;
				"INFOPLIST_KEY_UIApplicationSupportsIndirectInputEvents[sdk=iphonesimulator*]" = YES;
				"INFOPLIST_KEY_UILaunchScreen_Generation[sdk=iphoneos*]" = YES;
				"INFOPLIST_KEY_UILaunchScreen_Generation[sdk=iphonesimulator*]" = YES;
				"INFOPLIST_KEY_UIStatusBarStyle[sdk=iphoneos*]" = UIStatusBarStyleDefault;
				"INFOPLIST_KEY_UIStatusBarStyle[sdk=iphonesimulator*]" = UIStatusBarStyleDefault;
				INFOPLIST_KEY_UISupportedInterfaceOrientations_iPad = "UIInterfaceOrientationPortrait UIInterfaceOrientationPortraitUpsideDown UIInterfaceOrientationLandscapeLeft UIInterfaceOrientationLandscapeRight";
				INFOPLIST_KEY_UISupportedInterfaceOrientations_iPhone = "UIInterfaceOrientationPortrait UIInterfaceOrientationLandscapeLeft UIInterfaceOrientationLandscapeRight";
				IPHONEOS_DEPLOYMENT_TARGET = 26.2;
				LD_RUNPATH_SEARCH_PATHS = "@executable_path/Frameworks";
				"LD_RUNPATH_SEARCH_PATHS[sdk=macosx*]" = "@executable_path/../Frameworks";
				MACOSX_DEPLOYMENT_TARGET = 15.0;
				MARKETING_VERSION = 1.0;
				PRODUCT_BUNDLE_IDENTIFIER = io.keepur.Keepur;
				PRODUCT_NAME = "$(TARGET_NAME)";
				SDKROOT = auto;
				STRING_CATALOG_GENERATE_SYMBOLS = YES;
				SUPPORTED_PLATFORMS = "iphoneos iphonesimulator macosx";
				SWIFT_APPROACHABLE_CONCURRENCY = YES;
				SWIFT_DEFAULT_ACTOR_ISOLATION = MainActor;
				SWIFT_EMIT_LOC_STRINGS = YES;
				SWIFT_UPCOMING_FEATURE_MEMBER_IMPORT_VISIBILITY = YES;
				SWIFT_VERSION = 5.0;
				TARGETED_DEVICE_FAMILY = "1,2";
				XROS_DEPLOYMENT_TARGET = 26.2;
			};
			name = Release;
		};
/* End XCBuildConfiguration section */

/* Begin XCConfigurationList section */
		1479D63C06B4466FAD737E1E /* Build configuration list for PBXNativeTarget "KeeperTests" */ = {
			isa = XCConfigurationList;
			buildConfigurations = (
				2C9F49E0BD4A4B7CB1884D6A /* Debug */,
				4D9707E67F5B4351A927A318 /* Release */,
			);
			defaultConfigurationIsVisible = 0;
			defaultConfigurationName = Release;
		};
		A1ABEBBC2F79E16C009B0AFC /* Build configuration list for PBXProject "Keepur" */ = {
			isa = XCConfigurationList;
			buildConfigurations = (
				A1ABEBCA2F79E16D009B0AFC /* Debug */,
				A1ABEBCB2F79E16D009B0AFC /* Release */,
			);
			defaultConfigurationIsVisible = 0;
			defaultConfigurationName = Release;
		};
		A1ABEBCC2F79E16D009B0AFC /* Build configuration list for PBXNativeTarget "Keepur" */ = {
			isa = XCConfigurationList;
			buildConfigurations = (
				A1ABEBCD2F79E16D009B0AFC /* Debug */,
				A1ABEBCE2F79E16D009B0AFC /* Release */,
			);
			defaultConfigurationIsVisible = 0;
			defaultConfigurationName = Release;
		};
/* End XCConfigurationList section */

/* Begin XCRemoteSwiftPackageReference section */
		C1D2E3F4A5B6C7D8E9F0A1B2 /* XCRemoteSwiftPackageReference "swift-markdown-ui" */ = {
			isa = XCRemoteSwiftPackageReference;
			repositoryURL = "https://github.com/gonzalezreal/swift-markdown-ui";
			requirement = {
				kind = upToNextMajorVersion;
				minimumVersion = 2.4.1;
			};
		};
/* End XCRemoteSwiftPackageReference section */

/* Begin XCSwiftPackageProductDependency section */
		D2E3F4A5B6C7D8E9F0A1B2C3 /* MarkdownUI */ = {
			isa = XCSwiftPackageProductDependency;
			package = C1D2E3F4A5B6C7D8E9F0A1B2 /* XCRemoteSwiftPackageReference "swift-markdown-ui" */;
			productName = MarkdownUI;
		};
/* End XCSwiftPackageProductDependency section */
	};
	rootObject = A1ABEBB92F79E16C009B0AFC /* Project object */;
}
